
Microsoft Visual Studio Solution File, Format Version 12.00
# Visual Studio Version 16
VisualStudioVersion = 16.0.32630.194
MinimumVisualStudioVersion = 10.0.40219.1
Project("{FAE04EC0-301F-11D3-BF4B-00C04F79EFBC}") = "RatRace", "RatRace\RatRace.csproj", "{5482ED59-370B-4CB5-9FFF-C0097265C48B}"
EndProject
Global
	GlobalSection(SolutionConfigurationPlatforms) = preSolution
		Debug|Any CPU = Debug|Any CPU
		Release|Any CPU = Release|Any CPU
	EndGlobalSection
	GlobalSection(ProjectConfigurationPlatforms) = postSolution
		{5482ED59-370B-4CB5-9FFF-C0097265C48B}.Debug|Any CPU.ActiveCfg = Debug|Any CPU
		{5482ED59-370B-4CB5-9FFF-C0097265C48B}.Debug|Any CPU.Build.0 = Debug|Any CPU
		{5482ED59-370B-4CB5-9FFF-C0097265C48B}.Release|Any CPU.ActiveCfg = Release|Any CPU
		{5482ED59-370B-4CB5-9FFF-C0097265C48B}.Release|Any CPU.Build.0 = Release|Any CPU
	EndGlobalSection
	GlobalSection(SolutionProperties) = preSolution
		HideSolutionNode = FALSE
	EndGlobalSection
	GlobalSection(ExtensibilityGlobals) = postSolution
		SolutionGuid = {3D158EB7-4E63-46F0-B0FD-C72707BE2530}
	EndGlobalSection
EndGlobal
